
Microsoft Visual Studio Solution File, Format Version 12.00
# Visual Studio Version 17
VisualStudioVersion = 17.11.35303.130
MinimumVisualStudioVersion = 10.0.40219.1
Project("{FAE04EC0-301F-11D3-BF4B-00C04F79EFBC}") = "LogicaNegocio", "LogicaNegocio\LogicaNegocio.csproj", "{BA037503-3392-4D70-9062-8995ADF09D70}"
EndProject
Project("{FAE04EC0-301F-11D3-BF4B-00C04F79EFBC}") = "InterfazUsuario", "InterfazUsuario\InterfazUsuario.csproj", "{4E10D4F6-8418-4CFA-B02C-3A9D0A3E1162}"
EndProject
Global
	GlobalSection(SolutionConfigurationPlatforms) = preSolution
		Debug|Any CPU = Debug|Any CPU
		Release|Any CPU = Release|Any CPU
	EndGlobalSection
	GlobalSection(ProjectConfigurationPlatforms) = postSolution
		{BA037503-3392-4D70-9062-8995ADF09D70}.Debug|Any CPU.ActiveCfg = Debug|Any CPU
		{BA037503-3392-4D70-9062-8995ADF09D70}.Debug|Any CPU.Build.0 = Debug|Any CPU
		{BA037503-3392-4D70-9062-8995ADF09D70}.Release|Any CPU.ActiveCfg = Release|Any CPU
		{BA037503-3392-4D70-9062-8995ADF09D70}.Release|Any CPU.Build.0 = Release|Any CPU
		{4E10D4F6-8418-4CFA-B02C-3A9D0A3E1162}.Debug|Any CPU.ActiveCfg = Debug|Any CPU
		{4E10D4F6-8418-4CFA-B02C-3A9D0A3E1162}.Debug|Any CPU.Build.0 = Debug|Any CPU
		{4E10D4F6-8418-4CFA-B02C-3A9D0A3E1162}.Release|Any CPU.ActiveCfg = Release|Any CPU
		{4E10D4F6-8418-4CFA-B02C-3A9D0A3E1162}.Release|Any CPU.Build.0 = Release|Any CPU
	EndGlobalSection
	GlobalSection(SolutionProperties) = preSolution
		HideSolutionNode = FALSE
	EndGlobalSection
	GlobalSection(ExtensibilityGlobals) = postSolution
		SolutionGuid = {DDC53BA1-83DD-42C2-ACEA-95222385A671}
	EndGlobalSection
EndGlobal
